# Immutable additional-plugin set for the production Moodle image.
# Format: component|version|destination below public/|HTTPS ZIP URL|SHA-256
#
# Add one complete line below for each additional plugin. Keep existing lines
# unless intentionally updating or removing that plugin. The sync script accepts
# only reviewed Moodle plugin destinations and rejects duplicate components.
tool_secure_s3_storage|0.3.0|admin/tool|https://github.com/ozekihiroshi/secure-s3-storage-for-moodle/releases/download/v0.3.0/tool_secure_s3_storage.zip|102e812803482311eaf46a35c8f1e901640679423e22885b4e91eb77b37edd21
