# Immutable additional-plugin set for the production Moodle image.
# Format: component|version|destination below public/|HTTPS ZIP URL|SHA-256
#
# Add one complete line below for each additional plugin. Keep existing lines
# unless intentionally updating or removing that plugin. The sync script accepts
# only reviewed Moodle plugin destinations and rejects duplicate components.
tool_secure_s3_storage|0.6.1|admin/tool|https://github.com/ozekihiroshi/secure-s3-storage-for-moodle/releases/download/v0.6.1/tool_secure_s3_storage.zip|e0f02a532ca55039335f95f770ae980a4d072a3fc7d8da98521d6a65b58f3b0f
mod_lessonmark|0.2.0-alpha2|mod|https://github.com/ozekihiroshi/LessonMark/releases/download/v0.2.0-alpha2/mod_lessonmark.zip|bdd895abe131499338bb3013c80763ff33e5812514899ad29dc91bcc26336141
